// !$*UTF8*$!
{
	archiveVersion = 1;
	classes = {
	};
	objectVersion = 50;
	objects = {

/* Begin PBXBuildFile section */
		C30B2B3A2670746A0088D70E /* AppDelegate.swift in Sources */ = {isa = PBXBuildFile; fileRef = C30B2B392670746A0088D70E /* AppDelegate.swift */; };
		C30B2B3C2670746A0088D70E /* SceneDelegate.swift in Sources */ = {isa = PBXBuildFile; fileRef = C30B2B3B2670746A0088D70E /* SceneDelegate.swift */; };
		C30B2B3E2670746A0088D70E /* ViewController.swift in Sources */ = {isa = PBXBuildFile; fileRef = C30B2B3D2670746A0088D70E /* ViewController.swift */; };
		C30B2B412670746A0088D70E /* Main.storyboard in Resources */ = {isa = PBXBuildFile; fileRef = C30B2B3F2670746A0088D70E /* Main.storyboard */; };
		C30B2B432670746B0088D70E /* Assets.xcassets in Resources */ = {isa = PBXBuildFile; fileRef = C30B2B422670746B0088D70E /* Assets.xcassets */; };
		C30B2B462670746B0088D70E /* LaunchScreen.storyboard in Resources */ = {isa = PBXBuildFile; fileRef = C30B2B442670746B0088D70E /* LaunchScreen.storyboard */; };
		C30B2B4F267075970088D70E /* start.txt in Resources */ = {isa = PBXBuildFile; fileRef = C30B2B4E267075970088D70E /* start.txt */; };
/* End PBXBuildFile section */

/* Begin PBXFileReference section */
		C30B2B362670746A0088D70E /* project5.app */ = {isa = PBXFileReference; explicitFileType = wrapper.application; includeInIndex = 0; path = project5.app; sourceTree = BUILT_PRODUCTS_DIR; };
		C30B2B392670746A0088D70E /* AppDelegate.swift */ = {isa = PBXFileReference; lastKnownFileType = sourcecode.swift; path = AppDelegate.swift; sourceTree = "<group>"; };
		C30B2B3B2670746A0088D70E /* SceneDelegate.swift */ = {isa = PBXFileReference; lastKnownFileType = sourcecode.swift; path = SceneDelegate.swift; sourceTree = "<group>"; };
		C30B2B3D2670746A0088D70E /* ViewController.swift */ = {isa = PBXFileReference; lastKnownFileType = sourcecode.swift; path = ViewController.swift; sourceTree = "<group>"; };
		C30B2B402670746A0088D70E /* Base */ = {isa = PBXFileReference; lastKnownFileType = file.storyboard; name = Base; path = Base.lproj/Main.storyboard; sourceTree = "<group>"; };
		C30B2B422670746B0088D70E /* Assets.xcassets */ = {isa = PBXFileReference; lastKnownFileType = folder.assetcatalog; path = Assets.xcassets; sourceTree = "<group>"; };
		C30B2B452670746B0088D70E /* Base */ = {isa = PBXFileReference; lastKnownFileType = file.storyboard; name = Base; path = Base.lproj/LaunchScreen.storyboard; sourceTree = "<group>"; };
		C30B2B472670746B0088D70E /* Info.plist */ = {isa = PBXFileReference; lastKnownFileType = text.plist.xml; path = Info.plist; sourceTree = "<group>"; };
		C30B2B4E267075970088D70E /* start.txt */ = {isa = PBXFileReference; fileEncoding = 4; lastKnownFileType = text; path = start.txt; sourceTree = "<group>"; };
/* End PBXFileReference section */

/* Begin PBXFrameworksBuildPhase section */
		C30B2B332670746A0088D70E /* Frameworks */ = {
			isa = PBXFrameworksBuildPhase;
			buildActionMask = 2147483647;
			files = (
			);
			runOnlyForDeploymentPostprocessing = 0;
		};
/* End PBXFrameworksBuildPhase section */

/* Begin PBXGroup section */
		C30B2B2D2670746A0088D70E = {
			isa = PBXGroup;
			children = (
				C30B2B382670746A0088D70E /* project5 */,
				C30B2B372670746A0088D70E /* Products */,
			);
			sourceTree = "<group>";
		};
		C30B2B372670746A0088D70E /* Products */ = {
			isa = PBXGroup;
			children = (
				C30B2B362670746A0088D70E /* project5.app */,
			);
			name = Products;
			sourceTree = "<group>";
		};
		C30B2B382670746A0088D70E /* project5 */ = {
			isa = PBXGroup;
			children = (
				C30B2B392670746A0088D70E /* AppDelegate.swift */,
				C30B2B3B2670746A0088D70E /* SceneDelegate.swift */,
				C30B2B3D2670746A0088D70E /* ViewController.swift */,
				C30B2B3F2670746A0088D70E /* Main.storyboard */,
				C30B2B422670746B0088D70E /* Assets.xcassets */,
				C30B2B442670746B0088D70E /* LaunchScreen.storyboard */,
				C30B2B472670746B0088D70E /* Info.plist */,
				C30B2B4E267075970088D70E /* start.txt */,
			);
			path = project5;
			sourceTree = "<group>";
		};
/* End PBXGroup section */

/* Begin PBXNativeTarget section */
		C30B2B352670746A0088D70E /* project5 */ = {
			isa = PBXNativeTarget;
			buildConfigurationList = C30B2B4A2670746B0088D70E /* Build configuration list for PBXNativeTarget "project5" */;
			buildPhases = (
				C30B2B322670746A0088D70E /* Sources */,
				C30B2B332670746A0088D70E /* Frameworks */,
				C30B2B342670746A0088D70E /* Resources */,
			);
			buildRules = (
			);
			dependencies = (
			);
			name = project5;
			productName = project5;
			productReference = C30B2B362670746A0088D70E /* project5.app */;
			productType = "com.apple.product-type.application";
		};
/* End PBXNativeTarget section */

/* Begin PBXProject section */
		C30B2B2E2670746A0088D70E /* Project object */ = {
			isa = PBXProject;
			attributes = {
				LastSwiftUpdateCheck = 1220;
				LastUpgradeCheck = 1220;
				TargetAttributes = {
					C30B2B352670746A0088D70E = {
						CreatedOnToolsVersion = 12.2;
					};
				};
			};
			buildConfigurationList = C30B2B312670746A0088D70E /* Build configuration list for PBXProject "project5" */;
			compatibilityVersion = "Xcode 9.3";
			developmentRegion = en;
			hasScannedForEncodings = 0;
			knownRegions = (
				en,
				Base,
			);
			mainGroup = C30B2B2D2670746A0088D70E;
			productRefGroup = C30B2B372670746A0088D70E /* Products */;
			projectDirPath = "";
			projectRoot = "";
			targets = (
				C30B2B352670746A0088D70E /* project5 */,
			);
		};
/* End PBXProject section */

/* Begin PBXResourcesBuildPhase section */
		C30B2B342670746A0088D70E /* Resources */ = {
			isa = PBXResourcesBuildPhase;
			buildActionMask = 2147483647;
			files = (
				C30B2B462670746B0088D70E /* LaunchScreen.storyboard in Resources */,
				C30B2B4F267075970088D70E /* start.txt in Resources */,
				C30B2B432670746B0088D70E /* Assets.xcassets in Resources */,
				C30B2B412670746A0088D70E /* Main.storyboard in Resources */,
			);
			runOnlyForDeploymentPostprocessing = 0;
		};
/* End PBXResourcesBuildPhase section */

/* Begin PBXSourcesBuildPhase section */
		C30B2B322670746A0088D70E /* Sources */ = {
			isa = PBXSourcesBuildPhase;
			buildActionMask = 2147483647;
			files = (
				C30B2B3E2670746A0088D70E /* ViewController.swift in Sources */,
				C30B2B3A2670746A0088D70E /* AppDelegate.swift in Sources */,
				C30B2B3C2670746A0088D70E /* SceneDelegate.swift in Sources */,
			);
			runOnlyForDeploymentPostprocessing = 0;
		};
/* End PBXSourcesBuildPhase section */

/* Begin PBXVariantGroup section */
		C30B2B3F2670746A0088D70E /* Main.storyboard */ = {
			isa = PBXVariantGroup;
			children = (
				C30B2B402670746A0088D70E /* Base */,
			);
			name = Main.storyboard;
			sourceTree = "<group>";
		};
		C30B2B442670746B0088D70E /* LaunchScreen.storyboard */ = {
			isa = PBXVariantGroup;
			children = (
				C30B2B452670746B0088D70E /* Base */,
			);
			name = LaunchScreen.storyboard;
			sourceTree = "<group>";
		};
/* End PBXVariantGroup section */

/* Begin XCBuildConfiguration section */
		C30B2B482670746B0088D70E /* Debug */ = {
			isa = XCBuildConfiguration;
			buildSettings = {
				ALWAYS_SEARCH_USER_PATHS = NO;
				CLANG_ANALYZER_NONNULL = YES;
				CLANG_ANALYZER_NUMBER_OBJECT_CONVERSION = YES_AGGRESSIVE;
				CLANG_CXX_LANGUAGE_STANDARD = "gnu++14";
				CLANG_CXX_LIBRARY = "libc++";
				CLANG_ENABLE_MODULES = YES;
				CLANG_ENABLE_OBJC_ARC = YES;
				CLANG_ENABLE_OBJC_WEAK = YES;
				CLANG_WARN_BLOCK_CAPTURE_AUTORELEASING = YES;
				CLANG_WARN_BOOL_CONVERSION = YES;
				CLANG_WARN_COMMA = YES;
				CLANG_WARN_CONSTANT_CONVERSION = YES;
				CLANG_WARN_DEPRECATED_OBJC_IMPLEMENTATIONS = YES;
				CLANG_WARN_DIRECT_OBJC_ISA_USAGE = YES_ERROR;
				CLANG_WARN_DOCUMENTATION_COMMENTS = YES;
				CLANG_WARN_EMPTY_BODY = YES;
				CLANG_WARN_ENUM_CONVERSION = YES;
				CLANG_WARN_INFINITE_RECURSION = YES;
				CLANG_WARN_INT_CONVERSION = YES;
				CLANG_WARN_NON_LITERAL_NULL_CONVERSION = YES;
				CLANG_WARN_OBJC_IMPLICIT_RETAIN_SELF = YES;
				CLANG_WARN_OBJC_LITERAL_CONVERSION = YES;
				CLANG_WARN_OBJC_ROOT_CLASS = YES_ERROR;
				CLANG_WARN_QUOTED_INCLUDE_IN_FRAMEWORK_HEADER = YES;
				CLANG_WARN_RANGE_LOOP_ANALYSIS = YES;
				CLANG_WARN_STRICT_PROTOTYPES = YES;
				CLANG_WARN_SUSPICIOUS_MOVE = YES;
				CLANG_WARN_UNGUARDED_AVAILABILITY = YES_AGGRESSIVE;
				CLANG_WARN_UNREACHABLE_CODE = YES;
				CLANG_WARN__DUPLICATE_METHOD_MATCH = YES;
				COPY_PHASE_STRIP = NO;
				DEBUG_INFORMATION_FORMAT = dwarf;
				ENABLE_STRICT_OBJC_MSGSEND = YES;
				ENABLE_TESTABILITY = YES;
				GCC_C_LANGUAGE_STANDARD = gnu11;
				GCC_DYNAMIC_NO_PIC = NO;
				GCC_NO_COMMON_BLOCKS = YES;
				GCC_OPTIMIZATION_LEVEL = 0;
				GCC_PREPROCESSOR_DEFINITIONS = (
					"DEBUG=1",
					"$(inherited)",
				);
				GCC_WARN_64_TO_32_BIT_CONVERSION = YES;
				GCC_WARN_ABOUT_RETURN_TYPE = YES_ERROR;
				GCC_WARN_UNDECLARED_SELECTOR = YES;
				GCC_WARN_UNINITIALIZED_AUTOS = YES_AGGRESSIVE;
				GCC_WARN_UNUSED_FUNCTION = YES;
				GCC_WARN_UNUSED_VARIABLE = YES;
				IPHONEOS_DEPLOYMENT_TARGET = 14.2;
				MTL_ENABLE_DEBUG_INFO = INCLUDE_SOURCE;
				MTL_FAST_MATH = YES;
				ONLY_ACTIVE_ARCH = YES;
				SDKROOT = iphoneos;
				SWIFT_ACTIVE_COMPILATION_CONDITIONS = DEBUG;
				SWIFT_OPTIMIZATION_LEVEL = "-Onone";
			};
			name = Debug;
		};
		C30B2B492670746B0088D70E /* Release */ = {
			isa = XCBuildConfiguration;
			buildSettings = {
				ALWAYS_SEARCH_USER_PATHS = NO;
				CLANG_ANALYZER_NONNULL = YES;
				CLANG_ANALYZER_NUMBER_OBJECT_CONVERSION = YES_AGGRESSIVE;
				CLANG_CXX_LANGUAGE_STANDARD = "gnu++14";
				CLANG_CXX_LIBRARY = "libc++";
				CLANG_ENABLE_MODULES = YES;
				CLANG_ENABLE_OBJC_ARC = YES;
				CLANG_ENABLE_OBJC_WEAK = YES;
				CLANG_WARN_BLOCK_CAPTURE_AUTORELEASING = YES;
				CLANG_WARN_BOOL_CONVERSION = YES;
				CLANG_WARN_COMMA = YES;
				CLANG_WARN_CONSTANT_CONVERSION = YES;
				CLANG_WARN_DEPRECATED_OBJC_IMPLEMENTATIONS = YES;
				CLANG_WARN_DIRECT_OBJC_ISA_USAGE = YES_ERROR;
				CLANG_WARN_DOCUMENTATION_COMMENTS = YES;
				CLANG_WARN_EMPTY_BODY = YES;
				CLANG_WARN_ENUM_CONVERSION = YES;
				CLANG_WARN_INFINITE_RECURSION = YES;
				CLANG_WARN_INT_CONVERSION = YES;
				CLANG_WARN_NON_LITERAL_NULL_CONVERSION = YES;
				CLANG_WARN_OBJC_IMPLICIT_RETAIN_SELF = YES;
				CLANG_WARN_OBJC_LITERAL_CONVERSION = YES;
				CLANG_WARN_OBJC_ROOT_CLASS = YES_ERROR;
				CLANG_WARN_QUOTED_INCLUDE_IN_FRAMEWORK_HEADER = YES;
				CLANG_WARN_RANGE_LOOP_ANALYSIS = YES;
				CLANG_WARN_STRICT_PROTOTYPES = YES;
				CLANG_WARN_SUSPICIOUS_MOVE = YES;
				CLANG_WARN_UNGUARDED_AVAILABILITY = YES_AGGRESSIVE;
				CLANG_WARN_UNREACHABLE_CODE = YES;
				CLANG_WARN__DUPLICATE_METHOD_MATCH = YES;
				COPY_PHASE_STRIP = NO;
				DEBUG_INFORMATION_FORMAT = "dwarf-with-dsym";
				ENABLE_NS_ASSERTIONS = NO;
				ENABLE_STRICT_OBJC_MSGSEND = YES;
				GCC_C_LANGUAGE_STANDARD = gnu11;
				GCC_NO_COMMON_BLOCKS = YES;
				GCC_WARN_64_TO_32_BIT_CONVERSION = YES;
				GCC_WARN_ABOUT_RETURN_TYPE = YES_ERROR;
				GCC_WARN_UNDECLARED_SELECTOR = YES;
				GCC_WARN_UNINITIALIZED_AUTOS = YES_AGGRESSIVE;
				GCC_WARN_UNUSED_FUNCTION = YES;
				GCC_WARN_UNUSED_VARIABLE = YES;
				IPHONEOS_DEPLOYMENT_TARGET = 14.2;
				MTL_ENABLE_DEBUG_INFO = NO;
				MTL_FAST_MATH = YES;
				SDKROOT = iphoneos;
				SWIFT_COMPILATION_MODE = wholemodule;
				SWIFT_OPTIMIZATION_LEVEL = "-O";
				VALIDATE_PRODUCT = YES;
			};
			name = Release;
		};
		C30B2B4B2670746B0088D70E /* Debug */ = {
			isa = XCBuildConfiguration;
			buildSettings = {
				ASSETCATALOG_COMPILER_APPICON_NAME = AppIcon;
				ASSETCATALOG_COMPILER_GLOBAL_ACCENT_COLOR_NAME = AccentColor;
				CODE_SIGN_STYLE = Automatic;
				DEVELOPMENT_TEAM = QY658KY6TF;
				INFOPLIST_FILE = project5/Info.plist;
				LD_RUNPATH_SEARCH_PATHS = (
					"$(inherited)",
					"@executable_path/Frameworks",
				);
				PRODUCT_BUNDLE_IDENTIFIER = com.bkap.project5;
				PRODUCT_NAME = "$(TARGET_NAME)";
				SWIFT_VERSION = 5.0;
				TARGETED_DEVICE_FAMILY = "1,2";
			};
			name = Debug;
		};
		C30B2B4C2670746B0088D70E /* Release */ = {
			isa = XCBuildConfiguration;
			buildSettings = {
				ASSETCATALOG_COMPILER_APPICON_NAME = AppIcon;
				ASSETCATALOG_COMPILER_GLOBAL_ACCENT_COLOR_NAME = AccentColor;
				CODE_SIGN_STYLE = Automatic;
				DEVELOPMENT_TEAM = QY658KY6TF;
				INFOPLIST_FILE = project5/Info.plist;
				LD_RUNPATH_SEARCH_PATHS = (
					"$(inherited)",
					"@executable_path/Frameworks",
				);
				PRODUCT_BUNDLE_IDENTIFIER = com.bkap.project5;
				PRODUCT_NAME = "$(TARGET_NAME)";
				SWIFT_VERSION = 5.0;
				TARGETED_DEVICE_FAMILY = "1,2";
			};
			name = Release;
		};
/* End XCBuildConfiguration section */

/* Begin XCConfigurationList section */
		C30B2B312670746A0088D70E /* Build configuration list for PBXProject "project5" */ = {
			isa = XCConfigurationList;
			buildConfigurations = (
				C30B2B482670746B0088D70E /* Debug */,
				C30B2B492670746B0088D70E /* Release */,
			);
			defaultConfigurationIsVisible = 0;
			defaultConfigurationName = Release;
		};
		C30B2B4A2670746B0088D70E /* Build configuration list for PBXNativeTarget "project5" */ = {
			isa = XCConfigurationList;
			buildConfigurations = (
				C30B2B4B2670746B0088D70E /* Debug */,
				C30B2B4C2670746B0088D70E /* Release */,
			);
			defaultConfigurationIsVisible = 0;
			defaultConfigurationName = Release;
		};
/* End XCConfigurationList section */
	};
	rootObject = C30B2B2E2670746A0088D70E /* Project object */;
}
